// !$*UTF8*$!
{
	archiveVersion = 1;
	classes = {
	};
	objectVersion = 77;
	objects = {

/* Begin PBXBuildFile section */
		09923C24EE1D5B9787E1CD52 /* Assets-iOS.xcassets in Resources */ = {isa = PBXBuildFile; fileRef = 75FD652702D95368173F22FF /* Assets-iOS.xcassets */; };
		2F2F94DE9A37DBAE532A85E1 /* StayawakeApp.swift in Sources */ = {isa = PBXBuildFile; fileRef = 6CE65ACE4622F65B8AB30E90 /* StayawakeApp.swift */; };
		3198FFD65D7E683E5C200B5A /* ControlView.swift in Sources */ = {isa = PBXBuildFile; fileRef = 24966FD92620CB582FE4A20F /* ControlView.swift */; };
		33636F8BDED3F11570CE979C /* Assets.xcassets in Resources */ = {isa = PBXBuildFile; fileRef = 1F2FAD7168C0BCE00F901370 /* Assets.xcassets */; };
		407511FDF36B7CDFE4A55311 /* ControlView.swift in Sources */ = {isa = PBXBuildFile; fileRef = 24966FD92620CB582FE4A20F /* ControlView.swift */; };
		6610BE514D8E43734A9C6AF5 /* Keeper.swift in Sources */ = {isa = PBXBuildFile; fileRef = 1D9412654C7FA9862052FF4C /* Keeper.swift */; };
		744A8A9A02A4197B33A974BF /* StayawakeApp.swift in Sources */ = {isa = PBXBuildFile; fileRef = 6CE65ACE4622F65B8AB30E90 /* StayawakeApp.swift */; };
		755149B1AF739096DD5500CD /* Keeper.swift in Sources */ = {isa = PBXBuildFile; fileRef = 1D9412654C7FA9862052FF4C /* Keeper.swift */; };
/* End PBXBuildFile section */

/* Begin PBXFileReference section */
		1D9412654C7FA9862052FF4C /* Keeper.swift */ = {isa = PBXFileReference; lastKnownFileType = sourcecode.swift; path = Keeper.swift; sourceTree = "<group>"; };
		1F2FAD7168C0BCE00F901370 /* Assets.xcassets */ = {isa = PBXFileReference; lastKnownFileType = folder.assetcatalog; path = Assets.xcassets; sourceTree = "<group>"; };
		24966FD92620CB582FE4A20F /* ControlView.swift */ = {isa = PBXFileReference; lastKnownFileType = sourcecode.swift; path = ControlView.swift; sourceTree = "<group>"; };
		480753D5B2937F8E74F3B577 /* Stayawake-iOS.app */ = {isa = PBXFileReference; includeInIndex = 0; lastKnownFileType = wrapper.application; path = "Stayawake-iOS.app"; sourceTree = BUILT_PRODUCTS_DIR; };
		6CE65ACE4622F65B8AB30E90 /* StayawakeApp.swift */ = {isa = PBXFileReference; lastKnownFileType = sourcecode.swift; path = StayawakeApp.swift; sourceTree = "<group>"; };
		75FD652702D95368173F22FF /* Assets-iOS.xcassets */ = {isa = PBXFileReference; lastKnownFileType = folder.assetcatalog; path = "Assets-iOS.xcassets"; sourceTree = "<group>"; };
		DE2BD7361B8039D49B9F25D6 /* Stayawake.app */ = {isa = PBXFileReference; explicitFileType = wrapper.application; includeInIndex = 0; path = Stayawake.app; sourceTree = BUILT_PRODUCTS_DIR; };
/* End PBXFileReference section */

/* Begin PBXGroup section */
		8BBB68DF43FA1722FC88629B /* Products */ = {
			isa = PBXGroup;
			children = (
				480753D5B2937F8E74F3B577 /* Stayawake-iOS.app */,
				DE2BD7361B8039D49B9F25D6 /* Stayawake.app */,
			);
			name = Products;
			sourceTree = "<group>";
		};
		A58F00D55AAB506EA178428E /* Sources */ = {
			isa = PBXGroup;
			children = (
				24966FD92620CB582FE4A20F /* ControlView.swift */,
				1D9412654C7FA9862052FF4C /* Keeper.swift */,
				6CE65ACE4622F65B8AB30E90 /* StayawakeApp.swift */,
			);
			path = Sources;
			sourceTree = "<group>";
		};
		DAA0D45A3F512BFDAF629DF3 = {
			isa = PBXGroup;
			children = (
				75FD652702D95368173F22FF /* Assets-iOS.xcassets */,
				1F2FAD7168C0BCE00F901370 /* Assets.xcassets */,
				A58F00D55AAB506EA178428E /* Sources */,
				8BBB68DF43FA1722FC88629B /* Products */,
			);
			sourceTree = "<group>";
		};
/* End PBXGroup section */

/* Begin PBXNativeTarget section */
		C8672E2746467AEBE8DB9AE2 /* Stayawake-iOS */ = {
			isa = PBXNativeTarget;
			buildConfigurationList = B95709F338A08A2627B980CD /* Build configuration list for PBXNativeTarget "Stayawake-iOS" */;
			buildPhases = (
				92CFED2C899EA9999528CC16 /* Sources */,
				22D87C7331B19BF6DD784E72 /* Resources */,
			);
			buildRules = (
			);
			dependencies = (
			);
			name = "Stayawake-iOS";
			packageProductDependencies = (
			);
			productName = "Stayawake-iOS";
			productReference = 480753D5B2937F8E74F3B577 /* Stayawake-iOS.app */;
			productType = "com.apple.product-type.application";
		};
		DD75D34ED56949B389A6AFA6 /* Stayawake */ = {
			isa = PBXNativeTarget;
			buildConfigurationList = 6D775089E387937480B8E809 /* Build configuration list for PBXNativeTarget "Stayawake" */;
			buildPhases = (
				7C29C89D2BE920D097B7A754 /* Sources */,
				EEA518CD9E4EC02CF21F3153 /* Resources */,
			);
			buildRules = (
			);
			dependencies = (
			);
			name = Stayawake;
			packageProductDependencies = (
			);
			productName = Stayawake;
			productReference = DE2BD7361B8039D49B9F25D6 /* Stayawake.app */;
			productType = "com.apple.product-type.application";
		};
/* End PBXNativeTarget section */

/* Begin PBXProject section */
		2F13F110C1D8FAF01C799D73 /* Project object */ = {
			isa = PBXProject;
			attributes = {
				BuildIndependentTargetsInParallel = YES;
				LastUpgradeCheck = 1430;
				TargetAttributes = {
					C8672E2746467AEBE8DB9AE2 = {
						DevelopmentTeam = 6272CRNH9G;
						ProvisioningStyle = Automatic;
					};
					DD75D34ED56949B389A6AFA6 = {
						DevelopmentTeam = 6272CRNH9G;
						ProvisioningStyle = Automatic;
					};
				};
			};
			buildConfigurationList = F7747D372D8D4B4D28160BEC /* Build configuration list for PBXProject "Stayawake" */;
			developmentRegion = en;
			hasScannedForEncodings = 0;
			knownRegions = (
				Base,
				en,
			);
			mainGroup = DAA0D45A3F512BFDAF629DF3;
			minimizedProjectReferenceProxies = 1;
			preferredProjectObjectVersion = 77;
			productRefGroup = 8BBB68DF43FA1722FC88629B /* Products */;
			projectDirPath = "";
			projectRoot = "";
			targets = (
				DD75D34ED56949B389A6AFA6 /* Stayawake */,
				C8672E2746467AEBE8DB9AE2 /* Stayawake-iOS */,
			);
		};
/* End PBXProject section */

/* Begin PBXResourcesBuildPhase section */
		22D87C7331B19BF6DD784E72 /* Resources */ = {
			isa = PBXResourcesBuildPhase;
			buildActionMask = 2147483647;
			files = (
				09923C24EE1D5B9787E1CD52 /* Assets-iOS.xcassets in Resources */,
			);
			runOnlyForDeploymentPostprocessing = 0;
		};
		EEA518CD9E4EC02CF21F3153 /* Resources */ = {
			isa = PBXResourcesBuildPhase;
			buildActionMask = 2147483647;
			files = (
				33636F8BDED3F11570CE979C /* Assets.xcassets in Resources */,
			);
			runOnlyForDeploymentPostprocessing = 0;
		};
/* End PBXResourcesBuildPhase section */

/* Begin PBXSourcesBuildPhase section */
		7C29C89D2BE920D097B7A754 /* Sources */ = {
			isa = PBXSourcesBuildPhase;
			buildActionMask = 2147483647;
			files = (
				3198FFD65D7E683E5C200B5A /* ControlView.swift in Sources */,
				755149B1AF739096DD5500CD /* Keeper.swift in Sources */,
				744A8A9A02A4197B33A974BF /* StayawakeApp.swift in Sources */,
			);
			runOnlyForDeploymentPostprocessing = 0;
		};
		92CFED2C899EA9999528CC16 /* Sources */ = {
			isa = PBXSourcesBuildPhase;
			buildActionMask = 2147483647;
			files = (
				407511FDF36B7CDFE4A55311 /* ControlView.swift in Sources */,
				6610BE514D8E43734A9C6AF5 /* Keeper.swift in Sources */,
				2F2F94DE9A37DBAE532A85E1 /* StayawakeApp.swift in Sources */,
			);
			runOnlyForDeploymentPostprocessing = 0;
		};
/* End PBXSourcesBuildPhase section */

/* Begin XCBuildConfiguration section */
		57AE53F2C2C7139D79EF2E2D /* Release */ = {
			isa = XCBuildConfiguration;
			buildSettings = {
				ASSETCATALOG_COMPILER_APPICON_NAME = AppIcon;
				CODE_SIGN_IDENTITY = "iPhone Developer";
				CODE_SIGN_STYLE = Automatic;
				CURRENT_PROJECT_VERSION = 1;
				DEVELOPMENT_TEAM = 6272CRNH9G;
				GENERATE_INFOPLIST_FILE = YES;
				INFOPLIST_FILE = "Info-iOS.plist";
				IPHONEOS_DEPLOYMENT_TARGET = 17.0;
				LD_RUNPATH_SEARCH_PATHS = (
					"$(inherited)",
					"@executable_path/Frameworks",
				);
				MARKETING_VERSION = 1.1;
				PRODUCT_BUNDLE_IDENTIFIER = studio.nickson.stayawake;
				PRODUCT_NAME = Stayawake;
				SDKROOT = iphoneos;
				SWIFT_VERSION = 5.0;
				TARGETED_DEVICE_FAMILY = "1,2";
			};
			name = Release;
		};
		7CC818BC91084B89D8BBF631 /* Debug */ = {
			isa = XCBuildConfiguration;
			buildSettings = {
				ALWAYS_SEARCH_USER_PATHS = NO;
				CLANG_ANALYZER_NONNULL = YES;
				CLANG_ANALYZER_NUMBER_OBJECT_CONVERSION = YES_AGGRESSIVE;
				CLANG_CXX_LANGUAGE_STANDARD = "gnu++14";
				CLANG_CXX_LIBRARY = "libc++";
				CLANG_ENABLE_MODULES = YES;
				CLANG_ENABLE_OBJC_ARC = YES;
				CLANG_ENABLE_OBJC_WEAK = YES;
				CLANG_WARN_BLOCK_CAPTURE_AUTORELEASING = YES;
				CLANG_WARN_BOOL_CONVERSION = YES;
				CLANG_WARN_COMMA = YES;
				CLANG_WARN_CONSTANT_CONVERSION = YES;
				CLANG_WARN_DEPRECATED_OBJC_IMPLEMENTATIONS = YES;
				CLANG_WARN_DIRECT_OBJC_ISA_USAGE = YES_ERROR;
				CLANG_WARN_DOCUMENTATION_COMMENTS = YES;
				CLANG_WARN_EMPTY_BODY = YES;
				CLANG_WARN_ENUM_CONVERSION = YES;
				CLANG_WARN_INFINITE_RECURSION = YES;
				CLANG_WARN_INT_CONVERSION = YES;
				CLANG_WARN_NON_LITERAL_NULL_CONVERSION = YES;
				CLANG_WARN_OBJC_IMPLICIT_RETAIN_SELF = YES;
				CLANG_WARN_OBJC_LITERAL_CONVERSION = YES;
				CLANG_WARN_OBJC_ROOT_CLASS = YES_ERROR;
				CLANG_WARN_QUOTED_INCLUDE_IN_FRAMEWORK_HEADER = YES;
				CLANG_WARN_RANGE_LOOP_ANALYSIS = YES;
				CLANG_WARN_STRICT_PROTOTYPES = YES;
				CLANG_WARN_SUSPICIOUS_MOVE = YES;
				CLANG_WARN_UNGUARDED_AVAILABILITY = YES_AGGRESSIVE;
				CLANG_WARN_UNREACHABLE_CODE = YES;
				CLANG_WARN__DUPLICATE_METHOD_MATCH = YES;
				COPY_PHASE_STRIP = NO;
				DEBUG_INFORMATION_FORMAT = dwarf;
				ENABLE_STRICT_OBJC_MSGSEND = YES;
				ENABLE_TESTABILITY = YES;
				GCC_C_LANGUAGE_STANDARD = gnu11;
				GCC_DYNAMIC_NO_PIC = NO;
				GCC_NO_COMMON_BLOCKS = YES;
				GCC_OPTIMIZATION_LEVEL = 0;
				GCC_PREPROCESSOR_DEFINITIONS = (
					"$(inherited)",
					"DEBUG=1",
				);
				GCC_WARN_64_TO_32_BIT_CONVERSION = YES;
				GCC_WARN_ABOUT_RETURN_TYPE = YES_ERROR;
				GCC_WARN_UNDECLARED_SELECTOR = YES;
				GCC_WARN_UNINITIALIZED_AUTOS = YES_AGGRESSIVE;
				GCC_WARN_UNUSED_FUNCTION = YES;
				GCC_WARN_UNUSED_VARIABLE = YES;
				MACOSX_DEPLOYMENT_TARGET = 13.0;
				MTL_ENABLE_DEBUG_INFO = INCLUDE_SOURCE;
				MTL_FAST_MATH = YES;
				ONLY_ACTIVE_ARCH = YES;
				PRODUCT_NAME = "$(TARGET_NAME)";
				SWIFT_ACTIVE_COMPILATION_CONDITIONS = DEBUG;
				SWIFT_OPTIMIZATION_LEVEL = "-Onone";
				SWIFT_VERSION = 5.0;
			};
			name = Debug;
		};
		A794E08E30BFA0D991FC7B12 /* Debug */ = {
			isa = XCBuildConfiguration;
			buildSettings = {
				ASSETCATALOG_COMPILER_APPICON_NAME = AppIcon;
				CODE_SIGN_ENTITLEMENTS = Stayawake.entitlements;
				CODE_SIGN_STYLE = Automatic;
				COMBINE_HIDPI_IMAGES = YES;
				CURRENT_PROJECT_VERSION = 1;
				DEVELOPMENT_TEAM = 6272CRNH9G;
				ENABLE_APP_SANDBOX = YES;
				ENABLE_HARDENED_RUNTIME = YES;
				GENERATE_INFOPLIST_FILE = YES;
				INFOPLIST_FILE = Info.plist;
				LD_RUNPATH_SEARCH_PATHS = (
					"$(inherited)",
					"@executable_path/../Frameworks",
				);
				MARKETING_VERSION = 1.1;
				PRODUCT_BUNDLE_IDENTIFIER = studio.nickson.stayawake;
				SDKROOT = macosx;
				SWIFT_VERSION = 5.0;
			};
			name = Debug;
		};
		AD31100416DDD3AD7CEEE6FC /* Release */ = {
			isa = XCBuildConfiguration;
			buildSettings = {
				ASSETCATALOG_COMPILER_APPICON_NAME = AppIcon;
				CODE_SIGN_ENTITLEMENTS = Stayawake.entitlements;
				CODE_SIGN_STYLE = Automatic;
				COMBINE_HIDPI_IMAGES = YES;
				CURRENT_PROJECT_VERSION = 1;
				DEVELOPMENT_TEAM = 6272CRNH9G;
				ENABLE_APP_SANDBOX = YES;
				ENABLE_HARDENED_RUNTIME = YES;
				GENERATE_INFOPLIST_FILE = YES;
				INFOPLIST_FILE = Info.plist;
				LD_RUNPATH_SEARCH_PATHS = (
					"$(inherited)",
					"@executable_path/../Frameworks",
				);
				MARKETING_VERSION = 1.1;
				PRODUCT_BUNDLE_IDENTIFIER = studio.nickson.stayawake;
				SDKROOT = macosx;
				SWIFT_VERSION = 5.0;
			};
			name = Release;
		};
		F184B516E45D106AE8C5625F /* Release */ = {
			isa = XCBuildConfiguration;
			buildSettings = {
				ALWAYS_SEARCH_USER_PATHS = NO;
				CLANG_ANALYZER_NONNULL = YES;
				CLANG_ANALYZER_NUMBER_OBJECT_CONVERSION = YES_AGGRESSIVE;
				CLANG_CXX_LANGUAGE_STANDARD = "gnu++14";
				CLANG_CXX_LIBRARY = "libc++";
				CLANG_ENABLE_MODULES = YES;
				CLANG_ENABLE_OBJC_ARC = YES;
				CLANG_ENABLE_OBJC_WEAK = YES;
				CLANG_WARN_BLOCK_CAPTURE_AUTORELEASING = YES;
				CLANG_WARN_BOOL_CONVERSION = YES;
				CLANG_WARN_COMMA = YES;
				CLANG_WARN_CONSTANT_CONVERSION = YES;
				CLANG_WARN_DEPRECATED_OBJC_IMPLEMENTATIONS = YES;
				CLANG_WARN_DIRECT_OBJC_ISA_USAGE = YES_ERROR;
				CLANG_WARN_DOCUMENTATION_COMMENTS = YES;
				CLANG_WARN_EMPTY_BODY = YES;
				CLANG_WARN_ENUM_CONVERSION = YES;
				CLANG_WARN_INFINITE_RECURSION = YES;
				CLANG_WARN_INT_CONVERSION = YES;
				CLANG_WARN_NON_LITERAL_NULL_CONVERSION = YES;
				CLANG_WARN_OBJC_IMPLICIT_RETAIN_SELF = YES;
				CLANG_WARN_OBJC_LITERAL_CONVERSION = YES;
				CLANG_WARN_OBJC_ROOT_CLASS = YES_ERROR;
				CLANG_WARN_QUOTED_INCLUDE_IN_FRAMEWORK_HEADER = YES;
				CLANG_WARN_RANGE_LOOP_ANALYSIS = YES;
				CLANG_WARN_STRICT_PROTOTYPES = YES;
				CLANG_WARN_SUSPICIOUS_MOVE = YES;
				CLANG_WARN_UNGUARDED_AVAILABILITY = YES_AGGRESSIVE;
				CLANG_WARN_UNREACHABLE_CODE = YES;
				CLANG_WARN__DUPLICATE_METHOD_MATCH = YES;
				COPY_PHASE_STRIP = NO;
				DEBUG_INFORMATION_FORMAT = "dwarf-with-dsym";
				ENABLE_NS_ASSERTIONS = NO;
				ENABLE_STRICT_OBJC_MSGSEND = YES;
				GCC_C_LANGUAGE_STANDARD = gnu11;
				GCC_NO_COMMON_BLOCKS = YES;
				GCC_WARN_64_TO_32_BIT_CONVERSION = YES;
				GCC_WARN_ABOUT_RETURN_TYPE = YES_ERROR;
				GCC_WARN_UNDECLARED_SELECTOR = YES;
				GCC_WARN_UNINITIALIZED_AUTOS = YES_AGGRESSIVE;
				GCC_WARN_UNUSED_FUNCTION = YES;
				GCC_WARN_UNUSED_VARIABLE = YES;
				MACOSX_DEPLOYMENT_TARGET = 13.0;
				MTL_ENABLE_DEBUG_INFO = NO;
				MTL_FAST_MATH = YES;
				PRODUCT_NAME = "$(TARGET_NAME)";
				SWIFT_COMPILATION_MODE = wholemodule;
				SWIFT_OPTIMIZATION_LEVEL = "-O";
				SWIFT_VERSION = 5.0;
			};
			name = Release;
		};
		F2BCFB8EE403992BFA4BE594 /* Debug */ = {
			isa = XCBuildConfiguration;
			buildSettings = {
				ASSETCATALOG_COMPILER_APPICON_NAME = AppIcon;
				CODE_SIGN_IDENTITY = "iPhone Developer";
				CODE_SIGN_STYLE = Automatic;
				CURRENT_PROJECT_VERSION = 1;
				DEVELOPMENT_TEAM = 6272CRNH9G;
				GENERATE_INFOPLIST_FILE = YES;
				INFOPLIST_FILE = "Info-iOS.plist";
				IPHONEOS_DEPLOYMENT_TARGET = 17.0;
				LD_RUNPATH_SEARCH_PATHS = (
					"$(inherited)",
					"@executable_path/Frameworks",
				);
				MARKETING_VERSION = 1.1;
				PRODUCT_BUNDLE_IDENTIFIER = studio.nickson.stayawake;
				PRODUCT_NAME = Stayawake;
				SDKROOT = iphoneos;
				SWIFT_VERSION = 5.0;
				TARGETED_DEVICE_FAMILY = "1,2";
			};
			name = Debug;
		};
/* End XCBuildConfiguration section */

/* Begin XCConfigurationList section */
		6D775089E387937480B8E809 /* Build configuration list for PBXNativeTarget "Stayawake" */ = {
			isa = XCConfigurationList;
			buildConfigurations = (
				A794E08E30BFA0D991FC7B12 /* Debug */,
				AD31100416DDD3AD7CEEE6FC /* Release */,
			);
			defaultConfigurationIsVisible = 0;
			defaultConfigurationName = Debug;
		};
		B95709F338A08A2627B980CD /* Build configuration list for PBXNativeTarget "Stayawake-iOS" */ = {
			isa = XCConfigurationList;
			buildConfigurations = (
				F2BCFB8EE403992BFA4BE594 /* Debug */,
				57AE53F2C2C7139D79EF2E2D /* Release */,
			);
			defaultConfigurationIsVisible = 0;
			defaultConfigurationName = Debug;
		};
		F7747D372D8D4B4D28160BEC /* Build configuration list for PBXProject "Stayawake" */ = {
			isa = XCConfigurationList;
			buildConfigurations = (
				7CC818BC91084B89D8BBF631 /* Debug */,
				F184B516E45D106AE8C5625F /* Release */,
			);
			defaultConfigurationIsVisible = 0;
			defaultConfigurationName = Debug;
		};
/* End XCConfigurationList section */
	};
	rootObject = 2F13F110C1D8FAF01C799D73 /* Project object */;
}
